
Microsoft Visual Studio Solution File, Format Version 12.00
# Visual Studio Version 17
VisualStudioVersion = 17.9.34607.119
MinimumVisualStudioVersion = 10.0.40219.1
Project("{FAE04EC0-301F-11D3-BF4B-00C04F79EFBC}") = "Test2", "Test2\Test2.csproj", "{0844620C-F43D-416B-8374-928625A3B0F4}"
EndProject
Global
	GlobalSection(SolutionConfigurationPlatforms) = preSolution
		Debug|Any CPU = Debug|Any CPU
		Release|Any CPU = Release|Any CPU
	EndGlobalSection
	GlobalSection(ProjectConfigurationPlatforms) = postSolution
		{0844620C-F43D-416B-8374-928625A3B0F4}.Debug|Any CPU.ActiveCfg = Debug|Any CPU
		{0844620C-F43D-416B-8374-928625A3B0F4}.Debug|Any CPU.Build.0 = Debug|Any CPU
		{0844620C-F43D-416B-8374-928625A3B0F4}.Release|Any CPU.ActiveCfg = Release|Any CPU
		{0844620C-F43D-416B-8374-928625A3B0F4}.Release|Any CPU.Build.0 = Release|Any CPU
	EndGlobalSection
	GlobalSection(SolutionProperties) = preSolution
		HideSolutionNode = FALSE
	EndGlobalSection
	GlobalSection(ExtensibilityGlobals) = postSolution
		SolutionGuid = {24F0918D-0BB1-476F-9458-0133A1BC008F}
	EndGlobalSection
EndGlobal
